
Microsoft Visual Studio Solution File, Format Version 12.00
# Visual Studio Version 16
VisualStudioVersion = 16.0.30711.63
MinimumVisualStudioVersion = 10.0.40219.1
Project("{9A19103F-16F7-4668-BE54-9A1E7A4F7556}") = "ProductAPI", "ProductAPI\ProductAPI.csproj", "{24579DA0-3340-4183-A25F-A0B827B99E4A}"
EndProject
Project("{9A19103F-16F7-4668-BE54-9A1E7A4F7556}") = "ProductAPI.Tests", "ProductAPI.Tests\ProductAPI.Tests.csproj", "{FD5DA958-95BF-4214-9222-50317C7B0AA5}"
EndProject
Global
	GlobalSection(SolutionConfigurationPlatforms) = preSolution
		Debug|Any CPU = Debug|Any CPU
		Release|Any CPU = Release|Any CPU
	EndGlobalSection
	GlobalSection(ProjectConfigurationPlatforms) = postSolution
		{24579DA0-3340-4183-A25F-A0B827B99E4A}.Debug|Any CPU.ActiveCfg = Debug|Any CPU
		{24579DA0-3340-4183-A25F-A0B827B99E4A}.Debug|Any CPU.Build.0 = Debug|Any CPU
		{24579DA0-3340-4183-A25F-A0B827B99E4A}.Release|Any CPU.ActiveCfg = Release|Any CPU
		{24579DA0-3340-4183-A25F-A0B827B99E4A}.Release|Any CPU.Build.0 = Release|Any CPU
		{FD5DA958-95BF-4214-9222-50317C7B0AA5}.Debug|Any CPU.ActiveCfg = Debug|Any CPU
		{FD5DA958-95BF-4214-9222-50317C7B0AA5}.Debug|Any CPU.Build.0 = Debug|Any CPU
		{FD5DA958-95BF-4214-9222-50317C7B0AA5}.Release|Any CPU.ActiveCfg = Release|Any CPU
		{FD5DA958-95BF-4214-9222-50317C7B0AA5}.Release|Any CPU.Build.0 = Release|Any CPU
	EndGlobalSection
	GlobalSection(SolutionProperties) = preSolution
		HideSolutionNode = FALSE
	EndGlobalSection
	GlobalSection(ExtensibilityGlobals) = postSolution
		SolutionGuid = {C637CEE7-B9EB-4EA2-BD10-DA476E05F960}
	EndGlobalSection
EndGlobal
